
Microsoft Visual Studio Solution File, Format Version 12.00
# Visual Studio Version 17
VisualStudioVersion = 17.0.31919.166
MinimumVisualStudioVersion = 10.0.40219.1
Project("{FAE04EC0-301F-11D3-BF4B-00C04F79EFBC}") = "GymTechOnlineAPI", "GymTechOnlineAPI\GymTechOnlineAPI.csproj", "{682070BF-A27B-49AE-9962-C509D194533E}"
EndProject
Global
	GlobalSection(SolutionConfigurationPlatforms) = preSolution
		Debug|Any CPU = Debug|Any CPU
		Release|Any CPU = Release|Any CPU
	EndGlobalSection
	GlobalSection(ProjectConfigurationPlatforms) = postSolution
		{682070BF-A27B-49AE-9962-C509D194533E}.Debug|Any CPU.ActiveCfg = Debug|Any CPU
		{682070BF-A27B-49AE-9962-C509D194533E}.Debug|Any CPU.Build.0 = Debug|Any CPU
		{682070BF-A27B-49AE-9962-C509D194533E}.Release|Any CPU.ActiveCfg = Release|Any CPU
		{682070BF-A27B-49AE-9962-C509D194533E}.Release|Any CPU.Build.0 = Release|Any CPU
	EndGlobalSection
	GlobalSection(SolutionProperties) = preSolution
		HideSolutionNode = FALSE
	EndGlobalSection
	GlobalSection(ExtensibilityGlobals) = postSolution
		SolutionGuid = {4987479B-232C-4422-B05F-1A8477DB5022}
	EndGlobalSection
EndGlobal
